// !$*UTF8*$!
{
	archiveVersion = 1;
	classes = {
	};
	objectVersion = 46;
	objects = {

/* Begin PBXBuildFile section */
		C8445E561DE41CB50089A759 /* main.cpp in Sources */ = {isa = PBXBuildFile; fileRef = C8445E551DE41CB50089A759 /* main.cpp */; };
		C8445E5D1DE41E300089A759 /* GLUT.framework in Frameworks */ = {isa = PBXBuildFile; fileRef = C8445E5C1DE41E300089A759 /* GLUT.framework */; };
		C8445E5F1DE41E370089A759 /* OpenGL.framework in Frameworks */ = {isa = PBXBuildFile; fileRef = C8445E5E1DE41E370089A759 /* OpenGL.framework */; };
		C8445E611DE41E920089A759 /* libbulletc.dylib in Frameworks */ = {isa = PBXBuildFile; fileRef = C8445E601DE41E920089A759 /* libbulletc.dylib */; };
		C84462041DE4E30F0089A759 /* Actor.cpp in Sources */ = {isa = PBXBuildFile; fileRef = C84462021DE4E30F0089A759 /* Actor.cpp */; };
		C8446E461DE4F6500089A759 /* ColliderBase.cpp in Sources */ = {isa = PBXBuildFile; fileRef = C8446E441DE4F6500089A759 /* ColliderBase.cpp */; };
		C8446E511DE4F7650089A759 /* RenderManager.cpp in Sources */ = {isa = PBXBuildFile; fileRef = C8446E4F1DE4F7650089A759 /* RenderManager.cpp */; };
		C8446E571DE4F7960089A759 /* TimeManager.cpp in Sources */ = {isa = PBXBuildFile; fileRef = C8446E551DE4F7960089A759 /* TimeManager.cpp */; };
		C8446E5A1DE5A05A0089A759 /* RenderManager.hpp in Sources */ = {isa = PBXBuildFile; fileRef = C8446E501DE4F7650089A759 /* RenderManager.hpp */; };
		C8446E5D1DE5F6C90089A759 /* ActorManager.cpp in Sources */ = {isa = PBXBuildFile; fileRef = C8446E5C1DE5F6C90089A759 /* ActorManager.cpp */; };
		C8446E601DE600C90089A759 /* InputManager.cpp in Sources */ = {isa = PBXBuildFile; fileRef = C8446E5E1DE600C90089A759 /* InputManager.cpp */; };
		C8446E671DE607720089A759 /* ResourcesManager.cpp in Sources */ = {isa = PBXBuildFile; fileRef = C8446E651DE607720089A759 /* ResourcesManager.cpp */; };
		C8446E6A1DE624010089A759 /* ModelActor.cpp in Sources */ = {isa = PBXBuildFile; fileRef = C8446E681DE624010089A759 /* ModelActor.cpp */; };
		C8446E6B1DE62AA70089A759 /* GLMetaseq.c in Sources */ = {isa = PBXBuildFile; fileRef = C8446E621DE604F60089A759 /* GLMetaseq.c */; };
/* End PBXBuildFile section */

/* Begin PBXCopyFilesBuildPhase section */
		C8445E501DE41CB50089A759 /* CopyFiles */ = {
			isa = PBXCopyFilesBuildPhase;
			buildActionMask = 2147483647;
			dstPath = /usr/share/man/man1/;
			dstSubfolderSpec = 0;
			files = (
			);
			runOnlyForDeploymentPostprocessing = 1;
		};
/* End PBXCopyFilesBuildPhase section */

/* Begin PBXFileReference section */
		C8445E521DE41CB50089A759 /* kadai_billiards */ = {isa = PBXFileReference; explicitFileType = "compiled.mach-o.executable"; includeInIndex = 0; path = kadai_billiards; sourceTree = BUILT_PRODUCTS_DIR; };
		C8445E551DE41CB50089A759 /* main.cpp */ = {isa = PBXFileReference; lastKnownFileType = sourcecode.cpp.cpp; path = main.cpp; sourceTree = "<group>"; };
		C8445E5C1DE41E300089A759 /* GLUT.framework */ = {isa = PBXFileReference; lastKnownFileType = wrapper.framework; name = GLUT.framework; path = System/Library/Frameworks/GLUT.framework; sourceTree = SDKROOT; };
		C8445E5E1DE41E370089A759 /* OpenGL.framework */ = {isa = PBXFileReference; lastKnownFileType = wrapper.framework; name = OpenGL.framework; path = System/Library/Frameworks/OpenGL.framework; sourceTree = SDKROOT; };
		C8445E601DE41E920089A759 /* libbulletc.dylib */ = {isa = PBXFileReference; lastKnownFileType = "compiled.mach-o.dylib"; path = libbulletc.dylib; sourceTree = "<group>"; };
		C84462021DE4E30F0089A759 /* Actor.cpp */ = {isa = PBXFileReference; fileEncoding = 4; lastKnownFileType = sourcecode.cpp.cpp; path = Actor.cpp; sourceTree = "<group>"; };
		C84462031DE4E30F0089A759 /* Actor.hpp */ = {isa = PBXFileReference; fileEncoding = 4; lastKnownFileType = sourcecode.cpp.h; path = Actor.hpp; sourceTree = "<group>"; };
		C8446E441DE4F6500089A759 /* ColliderBase.cpp */ = {isa = PBXFileReference; fileEncoding = 4; lastKnownFileType = sourcecode.cpp.cpp; path = ColliderBase.cpp; sourceTree = "<group>"; };
		C8446E451DE4F6500089A759 /* ColliderBase.hpp */ = {isa = PBXFileReference; fileEncoding = 4; lastKnownFileType = sourcecode.cpp.h; path = ColliderBase.hpp; sourceTree = "<group>"; };
		C8446E4F1DE4F7650089A759 /* RenderManager.cpp */ = {isa = PBXFileReference; fileEncoding = 4; lastKnownFileType = sourcecode.cpp.cpp; path = RenderManager.cpp; sourceTree = "<group>"; };
		C8446E501DE4F7650089A759 /* RenderManager.hpp */ = {isa = PBXFileReference; fileEncoding = 4; lastKnownFileType = sourcecode.cpp.h; path = RenderManager.hpp; sourceTree = "<group>"; };
		C8446E551DE4F7960089A759 /* TimeManager.cpp */ = {isa = PBXFileReference; fileEncoding = 4; lastKnownFileType = sourcecode.cpp.cpp; path = TimeManager.cpp; sourceTree = "<group>"; };
		C8446E561DE4F7960089A759 /* TimeManager.hpp */ = {isa = PBXFileReference; fileEncoding = 4; lastKnownFileType = sourcecode.cpp.h; path = TimeManager.hpp; sourceTree = "<group>"; };
		C8446E5B1DE5F6BA0089A759 /* ActorManager.hpp */ = {isa = PBXFileReference; fileEncoding = 4; lastKnownFileType = sourcecode.cpp.h; path = ActorManager.hpp; sourceTree = "<group>"; };
		C8446E5C1DE5F6C90089A759 /* ActorManager.cpp */ = {isa = PBXFileReference; fileEncoding = 4; lastKnownFileType = sourcecode.cpp.cpp; path = ActorManager.cpp; sourceTree = "<group>"; };
		C8446E5E1DE600C90089A759 /* InputManager.cpp */ = {isa = PBXFileReference; fileEncoding = 4; lastKnownFileType = sourcecode.cpp.cpp; path = InputManager.cpp; sourceTree = "<group>"; };
		C8446E5F1DE600C90089A759 /* InputManager.hpp */ = {isa = PBXFileReference; fileEncoding = 4; lastKnownFileType = sourcecode.cpp.h; path = InputManager.hpp; sourceTree = "<group>"; };
		C8446E621DE604F60089A759 /* GLMetaseq.c */ = {isa = PBXFileReference; lastKnownFileType = sourcecode.c.c; path = GLMetaseq.c; sourceTree = "<group>"; };
		C8446E631DE604F60089A759 /* GLMetaseq.h */ = {isa = PBXFileReference; lastKnownFileType = sourcecode.c.h; path = GLMetaseq.h; sourceTree = "<group>"; };
		C8446E641DE604F60089A759 /* LICENCE.txt */ = {isa = PBXFileReference; lastKnownFileType = text; path = LICENCE.txt; sourceTree = "<group>"; };
		C8446E651DE607720089A759 /* ResourcesManager.cpp */ = {isa = PBXFileReference; fileEncoding = 4; lastKnownFileType = sourcecode.cpp.cpp; path = ResourcesManager.cpp; sourceTree = "<group>"; };
		C8446E661DE607720089A759 /* ResourcesManager.hpp */ = {isa = PBXFileReference; fileEncoding = 4; lastKnownFileType = sourcecode.cpp.h; path = ResourcesManager.hpp; sourceTree = "<group>"; };
		C8446E681DE624010089A759 /* ModelActor.cpp */ = {isa = PBXFileReference; fileEncoding = 4; lastKnownFileType = sourcecode.cpp.cpp; path = ModelActor.cpp; sourceTree = "<group>"; };
		C8446E691DE624010089A759 /* ModelActor.hpp */ = {isa = PBXFileReference; fileEncoding = 4; lastKnownFileType = sourcecode.cpp.h; path = ModelActor.hpp; sourceTree = "<group>"; };
/* End PBXFileReference section */

/* Begin PBXFrameworksBuildPhase section */
		C8445E4F1DE41CB50089A759 /* Frameworks */ = {
			isa = PBXFrameworksBuildPhase;
			buildActionMask = 2147483647;
			files = (
				C8445E5F1DE41E370089A759 /* OpenGL.framework in Frameworks */,
				C8445E611DE41E920089A759 /* libbulletc.dylib in Frameworks */,
				C8445E5D1DE41E300089A759 /* GLUT.framework in Frameworks */,
			);
			runOnlyForDeploymentPostprocessing = 0;
		};
/* End PBXFrameworksBuildPhase section */

/* Begin PBXGroup section */
		C8445E491DE41CB50089A759 = {
			isa = PBXGroup;
			children = (
				C8445E5E1DE41E370089A759 /* OpenGL.framework */,
				C8445E5C1DE41E300089A759 /* GLUT.framework */,
				C8445E541DE41CB50089A759 /* kadai_billiards */,
				C8445E531DE41CB50089A759 /* Products */,
				C8445E601DE41E920089A759 /* libbulletc.dylib */,
			);
			sourceTree = "<group>";
		};
		C8445E531DE41CB50089A759 /* Products */ = {
			isa = PBXGroup;
			children = (
				C8445E521DE41CB50089A759 /* kadai_billiards */,
			);
			name = Products;
			sourceTree = "<group>";
		};
		C8445E541DE41CB50089A759 /* kadai_billiards */ = {
			isa = PBXGroup;
			children = (
				C8446E611DE604F60089A759 /* GLMetaseq */,
				C8446E581DE4F7B00089A759 /* Scenes */,
				C8446E4E1DE4F7500089A759 /* Manager */,
				C8446E4C1DE4F6D10089A759 /* actor */,
				C8446E4B1DE4F6B80089A759 /* Collider */,
				C8445E551DE41CB50089A759 /* main.cpp */,
			);
			path = kadai_billiards;
			sourceTree = "<group>";
		};
		C8446E4B1DE4F6B80089A759 /* Collider */ = {
			isa = PBXGroup;
			children = (
				C8446E441DE4F6500089A759 /* ColliderBase.cpp */,
				C8446E451DE4F6500089A759 /* ColliderBase.hpp */,
			);
			name = Collider;
			sourceTree = "<group>";
		};
		C8446E4C1DE4F6D10089A759 /* actor */ = {
			isa = PBXGroup;
			children = (
				C84462021DE4E30F0089A759 /* Actor.cpp */,
				C84462031DE4E30F0089A759 /* Actor.hpp */,
				C8446E681DE624010089A759 /* ModelActor.cpp */,
				C8446E691DE624010089A759 /* ModelActor.hpp */,
			);
			name = actor;
			sourceTree = "<group>";
		};
		C8446E4E1DE4F7500089A759 /* Manager */ = {
			isa = PBXGroup;
			children = (
				C8446E651DE607720089A759 /* ResourcesManager.cpp */,
				C8446E661DE607720089A759 /* ResourcesManager.hpp */,
				C8446E5E1DE600C90089A759 /* InputManager.cpp */,
				C8446E5F1DE600C90089A759 /* InputManager.hpp */,
				C8446E4F1DE4F7650089A759 /* RenderManager.cpp */,
				C8446E501DE4F7650089A759 /* RenderManager.hpp */,
				C8446E5C1DE5F6C90089A759 /* ActorManager.cpp */,
				C8446E5B1DE5F6BA0089A759 /* ActorManager.hpp */,
				C8446E551DE4F7960089A759 /* TimeManager.cpp */,
				C8446E561DE4F7960089A759 /* TimeManager.hpp */,
			);
			name = Manager;
			sourceTree = "<group>";
		};
		C8446E581DE4F7B00089A759 /* Scenes */ = {
			isa = PBXGroup;
			children = (
				C8446E591DE4F7B70089A759 /* MainGame */,
			);
			name = Scenes;
			sourceTree = "<group>";
		};
		C8446E591DE4F7B70089A759 /* MainGame */ = {
			isa = PBXGroup;
			children = (
			);
			name = MainGame;
			sourceTree = "<group>";
		};
		C8446E611DE604F60089A759 /* GLMetaseq */ = {
			isa = PBXGroup;
			children = (
				C8446E621DE604F60089A759 /* GLMetaseq.c */,
				C8446E631DE604F60089A759 /* GLMetaseq.h */,
				C8446E641DE604F60089A759 /* LICENCE.txt */,
			);
			name = GLMetaseq;
			path = ../GLMetaseq;
			sourceTree = "<group>";
		};
/* End PBXGroup section */

/* Begin PBXNativeTarget section */
		C8445E511DE41CB50089A759 /* kadai_billiards */ = {
			isa = PBXNativeTarget;
			buildConfigurationList = C8445E591DE41CB50089A759 /* Build configuration list for PBXNativeTarget "kadai_billiards" */;
			buildPhases = (
				C8445E4E1DE41CB50089A759 /* Sources */,
				C8445E4F1DE41CB50089A759 /* Frameworks */,
				C8445E501DE41CB50089A759 /* CopyFiles */,
			);
			buildRules = (
			);
			dependencies = (
			);
			name = kadai_billiards;
			productName = kadai_billiards;
			productReference = C8445E521DE41CB50089A759 /* kadai_billiards */;
			productType = "com.apple.product-type.tool";
		};
/* End PBXNativeTarget section */

/* Begin PBXProject section */
		C8445E4A1DE41CB50089A759 /* Project object */ = {
			isa = PBXProject;
			attributes = {
				LastUpgradeCheck = 0730;
				ORGANIZATIONNAME = "Kenta Yanase";
				TargetAttributes = {
					C8445E511DE41CB50089A759 = {
						CreatedOnToolsVersion = 7.3;
					};
				};
			};
			buildConfigurationList = C8445E4D1DE41CB50089A759 /* Build configuration list for PBXProject "kadai_billiards" */;
			compatibilityVersion = "Xcode 3.2";
			developmentRegion = English;
			hasScannedForEncodings = 0;
			knownRegions = (
				en,
			);
			mainGroup = C8445E491DE41CB50089A759;
			productRefGroup = C8445E531DE41CB50089A759 /* Products */;
			projectDirPath = "";
			projectRoot = "";
			targets = (
				C8445E511DE41CB50089A759 /* kadai_billiards */,
			);
		};
/* End PBXProject section */

/* Begin PBXSourcesBuildPhase section */
		C8445E4E1DE41CB50089A759 /* Sources */ = {
			isa = PBXSourcesBuildPhase;
			buildActionMask = 2147483647;
			files = (
				C8446E6B1DE62AA70089A759 /* GLMetaseq.c in Sources */,
				C8446E5A1DE5A05A0089A759 /* RenderManager.hpp in Sources */,
				C84462041DE4E30F0089A759 /* Actor.cpp in Sources */,
				C8446E571DE4F7960089A759 /* TimeManager.cpp in Sources */,
				C8446E511DE4F7650089A759 /* RenderManager.cpp in Sources */,
				C8446E5D1DE5F6C90089A759 /* ActorManager.cpp in Sources */,
				C8446E461DE4F6500089A759 /* ColliderBase.cpp in Sources */,
				C8446E671DE607720089A759 /* ResourcesManager.cpp in Sources */,
				C8446E601DE600C90089A759 /* InputManager.cpp in Sources */,
				C8445E561DE41CB50089A759 /* main.cpp in Sources */,
				C8446E6A1DE624010089A759 /* ModelActor.cpp in Sources */,
			);
			runOnlyForDeploymentPostprocessing = 0;
		};
/* End PBXSourcesBuildPhase section */

/* Begin XCBuildConfiguration section */
		C8445E571DE41CB50089A759 /* Debug */ = {
			isa = XCBuildConfiguration;
			buildSettings = {
				ALWAYS_SEARCH_USER_PATHS = NO;
				CLANG_ANALYZER_NONNULL = YES;
				CLANG_CXX_LANGUAGE_STANDARD = "gnu++0x";
				CLANG_CXX_LIBRARY = "libc++";
				CLANG_ENABLE_MODULES = YES;
				CLANG_ENABLE_OBJC_ARC = YES;
				CLANG_WARN_BOOL_CONVERSION = YES;
				CLANG_WARN_CONSTANT_CONVERSION = YES;
				CLANG_WARN_DIRECT_OBJC_ISA_USAGE = YES_ERROR;
				CLANG_WARN_EMPTY_BODY = YES;
				CLANG_WARN_ENUM_CONVERSION = YES;
				CLANG_WARN_INT_CONVERSION = YES;
				CLANG_WARN_OBJC_ROOT_CLASS = YES_ERROR;
				CLANG_WARN_UNREACHABLE_CODE = YES;
				CLANG_WARN__DUPLICATE_METHOD_MATCH = YES;
				CODE_SIGN_IDENTITY = "-";
				COPY_PHASE_STRIP = NO;
				DEBUG_INFORMATION_FORMAT = dwarf;
				ENABLE_STRICT_OBJC_MSGSEND = YES;
				ENABLE_TESTABILITY = YES;
				GCC_C_LANGUAGE_STANDARD = gnu99;
				GCC_DYNAMIC_NO_PIC = NO;
				GCC_NO_COMMON_BLOCKS = YES;
				GCC_OPTIMIZATION_LEVEL = 0;
				GCC_PREPROCESSOR_DEFINITIONS = (
					"DEBUG=1",
					"$(inherited)",
				);
				GCC_WARN_64_TO_32_BIT_CONVERSION = YES;
				GCC_WARN_ABOUT_RETURN_TYPE = YES_ERROR;
				GCC_WARN_UNDECLARED_SELECTOR = YES;
				GCC_WARN_UNINITIALIZED_AUTOS = YES_AGGRESSIVE;
				GCC_WARN_UNUSED_FUNCTION = YES;
				GCC_WARN_UNUSED_VARIABLE = YES;
				MACOSX_DEPLOYMENT_TARGET = 10.12;
				MTL_ENABLE_DEBUG_INFO = YES;
				ONLY_ACTIVE_ARCH = YES;
				SDKROOT = macosx;
			};
			name = Debug;
		};
		C8445E581DE41CB50089A759 /* Release */ = {
			isa = XCBuildConfiguration;
			buildSettings = {
				ALWAYS_SEARCH_USER_PATHS = NO;
				CLANG_ANALYZER_NONNULL = YES;
				CLANG_CXX_LANGUAGE_STANDARD = "gnu++0x";
				CLANG_CXX_LIBRARY = "libc++";
				CLANG_ENABLE_MODULES = YES;
				CLANG_ENABLE_OBJC_ARC = YES;
				CLANG_WARN_BOOL_CONVERSION = YES;
				CLANG_WARN_CONSTANT_CONVERSION = YES;
				CLANG_WARN_DIRECT_OBJC_ISA_USAGE = YES_ERROR;
				CLANG_WARN_EMPTY_BODY = YES;
				CLANG_WARN_ENUM_CONVERSION = YES;
				CLANG_WARN_INT_CONVERSION = YES;
				CLANG_WARN_OBJC_ROOT_CLASS = YES_ERROR;
				CLANG_WARN_UNREACHABLE_CODE = YES;
				CLANG_WARN__DUPLICATE_METHOD_MATCH = YES;
				CODE_SIGN_IDENTITY = "-";
				COPY_PHASE_STRIP = NO;
				DEBUG_INFORMATION_FORMAT = "dwarf-with-dsym";
				ENABLE_NS_ASSERTIONS = NO;
				ENABLE_STRICT_OBJC_MSGSEND = YES;
				GCC_C_LANGUAGE_STANDARD = gnu99;
				GCC_NO_COMMON_BLOCKS = YES;
				GCC_WARN_64_TO_32_BIT_CONVERSION = YES;
				GCC_WARN_ABOUT_RETURN_TYPE = YES_ERROR;
				GCC_WARN_UNDECLARED_SELECTOR = YES;
				GCC_WARN_UNINITIALIZED_AUTOS = YES_AGGRESSIVE;
				GCC_WARN_UNUSED_FUNCTION = YES;
				GCC_WARN_UNUSED_VARIABLE = YES;
				MACOSX_DEPLOYMENT_TARGET = 10.12;
				MTL_ENABLE_DEBUG_INFO = NO;
				SDKROOT = macosx;
			};
			name = Release;
		};
		C8445E5A1DE41CB50089A759 /* Debug */ = {
			isa = XCBuildConfiguration;
			buildSettings = {
				HEADER_SEARCH_PATHS = $PROJECT_DIR;
				LIBRARY_SEARCH_PATHS = (
					"$(inherited)",
					"$(PROJECT_DIR)",
				);
				PRODUCT_NAME = "$(TARGET_NAME)";
				SYMROOT = $PROJECT_DIR/build;
			};
			name = Debug;
		};
		C8445E5B1DE41CB50089A759 /* Release */ = {
			isa = XCBuildConfiguration;
			buildSettings = {
				HEADER_SEARCH_PATHS = $PROJECT_DIR;
				LIBRARY_SEARCH_PATHS = (
					"$(inherited)",
					"$(PROJECT_DIR)",
				);
				PRODUCT_NAME = "$(TARGET_NAME)";
				SYMROOT = $PROJECT_DIR/build;
			};
			name = Release;
		};
/* End XCBuildConfiguration section */

/* Begin XCConfigurationList section */
		C8445E4D1DE41CB50089A759 /* Build configuration list for PBXProject "kadai_billiards" */ = {
			isa = XCConfigurationList;
			buildConfigurations = (
				C8445E571DE41CB50089A759 /* Debug */,
				C8445E581DE41CB50089A759 /* Release */,
			);
			defaultConfigurationIsVisible = 0;
			defaultConfigurationName = Release;
		};
		C8445E591DE41CB50089A759 /* Build configuration list for PBXNativeTarget "kadai_billiards" */ = {
			isa = XCConfigurationList;
			buildConfigurations = (
				C8445E5A1DE41CB50089A759 /* Debug */,
				C8445E5B1DE41CB50089A759 /* Release */,
			);
			defaultConfigurationIsVisible = 0;
			defaultConfigurationName = Release;
		};
/* End XCConfigurationList section */
	};
	rootObject = C8445E4A1DE41CB50089A759 /* Project object */;
}
